<?xml version="1.0" encoding="utf-8"?>
<Project ToolsVersion="4.0" xmlns="http://schemas.microsoft.com/developer/msbuild/2003">
  <ItemGroup>
    <Filter Include="Source Files">
      <UniqueIdentifier>{4FC737F1-C7A5-4376-A066-2A32D752A2FF}</UniqueIdentifier>
      <Extensions>cpp;c;cc;cxx;def;odl;idl;hpj;bat;asm;asmx</Extensions>
    </Filter>
    <Filter Include="Header Files">
      <UniqueIdentifier>{93995380-89BD-4b04-88EB-625FBE52EBFB}</UniqueIdentifier>
      <Extensions>h;hh;hpp;hxx;hm;inl;inc;xsd</Extensions>
    </Filter>
    <Filter Include="Resource Files">
      <UniqueIdentifier>{67DA6AB6-F800-4c08-8B7A-83BB121AAD01}</UniqueIdentifier>
      <Extensions>rc;ico;cur;bmp;dlg;rc2;rct;bin;rgs;gif;jpg;jpeg;jpe;resx;tiff;tif;png;wav</Extensions>
    </Filter>
  </ItemGroup>
  <ItemGroup>
    <ClCompile Include="cuda\checkCudaCard.cpp">
      <Filter>Source Files</Filter>
    </ClCompile>
    <ClCompile Include="reg-apps\reg_aladin.cpp">
      <Filter>Source Files</Filter>
    </ClCompile>
    <ClCompile Include="reg-apps\reg_average.cpp">
      <Filter>Source Files</Filter>
    </ClCompile>
    <ClCompile Include="reg-apps\reg_benchmark.cpp">
      <Filter>Source Files</Filter>
    </ClCompile>
    <ClCompile Include="reg-apps\reg_f3d.cpp">
      <Filter>Source Files</Filter>
    </ClCompile>
    <ClCompile Include="reg-apps\reg_jacobian.cpp">
      <Filter>Source Files</Filter>
    </ClCompile>
    <ClCompile Include="reg-apps\reg_measure.cpp">
      <Filter>Source Files</Filter>
    </ClCompile>
    <ClCompile Include="reg-apps\reg_polyAffine.cpp">
      <Filter>Source Files</Filter>
    </ClCompile>
    <ClCompile Include="reg-apps\reg_ppcnr.cpp">
      <Filter>Source Files</Filter>
    </ClCompile>
    <ClCompile Include="reg-apps\reg_resample.cpp">
      <Filter>Source Files</Filter>
    </ClCompile>
    <ClCompile Include="reg-apps\reg_tools.cpp">
      <Filter>Source Files</Filter>
    </ClCompile>
    <ClCompile Include="reg-apps\reg_transform.cpp">
      <Filter>Source Files</Filter>
    </ClCompile>
    <ClCompile Include="reg-io\_reg_ReadWriteImage.cpp">
      <Filter>Source Files</Filter>
    </ClCompile>
    <ClCompile Include="reg-io\nifti\nifti1_io.c">
      <Filter>Source Files</Filter>
    </ClCompile>
    <ClCompile Include="reg-io\nifti\znzlib.c">
      <Filter>Source Files</Filter>
    </ClCompile>
    <ClCompile Include="reg-io\nrrd\reg_nrrd.cpp">
      <Filter>Source Files</Filter>
    </ClCompile>
    <ClCompile Include="reg-io\nrrd\nrrdio\754.c">
      <Filter>Source Files</Filter>
    </ClCompile>
    <ClCompile Include="reg-io\nrrd\nrrdio\accessors.c">
      <Filter>Source Files</Filter>
    </ClCompile>
    <ClCompile Include="reg-io\nrrd\nrrdio\array.c">
      <Filter>Source Files</Filter>
    </ClCompile>
    <ClCompile Include="reg-io\nrrd\nrrdio\arraysNrrd.c">
      <Filter>Source Files</Filter>
    </ClCompile>
    <ClCompile Include="reg-io\nrrd\nrrdio\axis.c">
      <Filter>Source Files</Filter>
    </ClCompile>
    <ClCompile Include="reg-io\nrrd\nrrdio\biffbiff.c">
      <Filter>Source Files</Filter>
    </ClCompile>
    <ClCompile Include="reg-io\nrrd\nrrdio\biffmsg.c">
      <Filter>Source Files</Filter>
    </ClCompile>
    <ClCompile Include="reg-io\nrrd\nrrdio\comment.c">
      <Filter>Source Files</Filter>
    </ClCompile>
    <ClCompile Include="reg-io\nrrd\nrrdio\defaultsNrrd.c">
      <Filter>Source Files</Filter>
    </ClCompile>
    <ClCompile Include="reg-io\nrrd\nrrdio\dio.c">
      <Filter>Source Files</Filter>
    </ClCompile>
    <ClCompile Include="reg-io\nrrd\nrrdio\encoding.c">
      <Filter>Source Files</Filter>
    </ClCompile>
    <ClCompile Include="reg-io\nrrd\nrrdio\encodingAscii.c">
      <Filter>Source Files</Filter>
    </ClCompile>
    <ClCompile Include="reg-io\nrrd\nrrdio\encodingBzip2.c">
      <Filter>Source Files</Filter>
    </ClCompile>
    <ClCompile Include="reg-io\nrrd\nrrdio\encodingGzip.c">
      <Filter>Source Files</Filter>
    </ClCompile>
    <ClCompile Include="reg-io\nrrd\nrrdio\encodingHex.c">
      <Filter>Source Files</Filter>
    </ClCompile>
    <ClCompile Include="reg-io\nrrd\nrrdio\encodingRaw.c">
      <Filter>Source Files</Filter>
    </ClCompile>
    <ClCompile Include="reg-io\nrrd\nrrdio\endianAir.c">
      <Filter>Source Files</Filter>
    </ClCompile>
    <ClCompile Include="reg-io\nrrd\nrrdio\endianNrrd.c">
      <Filter>Source Files</Filter>
    </ClCompile>
    <ClCompile Include="reg-io\nrrd\nrrdio\enum.c">
      <Filter>Source Files</Filter>
    </ClCompile>
    <ClCompile Include="reg-io\nrrd\nrrdio\enumsNrrd.c">
      <Filter>Source Files</Filter>
    </ClCompile>
    <ClCompile Include="reg-io\nrrd\nrrdio\format.c">
      <Filter>Source Files</Filter>
    </ClCompile>
    <ClCompile Include="reg-io\nrrd\nrrdio\formatEPS.c">
      <Filter>Source Files</Filter>
    </ClCompile>
    <ClCompile Include="reg-io\nrrd\nrrdio\formatNRRD.c">
      <Filter>Source Files</Filter>
    </ClCompile>
    <ClCompile Include="reg-io\nrrd\nrrdio\formatPNG.c">
      <Filter>Source Files</Filter>
    </ClCompile>
    <ClCompile Include="reg-io\nrrd\nrrdio\formatPNM.c">
      <Filter>Source Files</Filter>
    </ClCompile>
    <ClCompile Include="reg-io\nrrd\nrrdio\formatText.c">
      <Filter>Source Files</Filter>
    </ClCompile>
    <ClCompile Include="reg-io\nrrd\nrrdio\formatVTK.c">
      <Filter>Source Files</Filter>
    </ClCompile>
    <ClCompile Include="reg-io\nrrd\nrrdio\gzio.c">
      <Filter>Source Files</Filter>
    </ClCompile>
    <ClCompile Include="reg-io\nrrd\nrrdio\keyvalue.c">
      <Filter>Source Files</Filter>
    </ClCompile>
    <ClCompile Include="reg-io\nrrd\nrrdio\methodsNrrd.c">
      <Filter>Source Files</Filter>
    </ClCompile>
    <ClCompile Include="reg-io\nrrd\nrrdio\miscAir.c">
      <Filter>Source Files</Filter>
    </ClCompile>
    <ClCompile Include="reg-io\nrrd\nrrdio\mop.c">
      <Filter>Source Files</Filter>
    </ClCompile>
    <ClCompile Include="reg-io\nrrd\nrrdio\parseAir.c">
      <Filter>Source Files</Filter>
    </ClCompile>
    <ClCompile Include="reg-io\nrrd\nrrdio\parseNrrd.c">
      <Filter>Source Files</Filter>
    </ClCompile>
    <ClCompile Include="reg-io\nrrd\nrrdio\preamble.c">
      <Filter>Source Files</Filter>
    </ClCompile>
    <ClCompile Include="reg-io\nrrd\nrrdio\qnanhibit.c">
      <Filter>Source Files</Filter>
    </ClCompile>
    <ClCompile Include="reg-io\nrrd\nrrdio\read.c">
      <Filter>Source Files</Filter>
    </ClCompile>
    <ClCompile Include="reg-io\nrrd\nrrdio\reorder.c">
      <Filter>Source Files</Filter>
    </ClCompile>
    <ClCompile Include="reg-io\nrrd\nrrdio\sampleIO.c">
      <Filter>Source Files</Filter>
    </ClCompile>
    <ClCompile Include="reg-io\nrrd\nrrdio\sane.c">
      <Filter>Source Files</Filter>
    </ClCompile>
    <ClCompile Include="reg-io\nrrd\nrrdio\simple.c">
      <Filter>Source Files</Filter>
    </ClCompile>
    <ClCompile Include="reg-io\nrrd\nrrdio\string.c">
      <Filter>Source Files</Filter>
    </ClCompile>
    <ClCompile Include="reg-io\nrrd\nrrdio\subset.c">
      <Filter>Source Files</Filter>
    </ClCompile>
    <ClCompile Include="reg-io\nrrd\nrrdio\write.c">
      <Filter>Source Files</Filter>
    </ClCompile>
    <ClCompile Include="reg-io\nrrd\nrrdio\cmake\TestQnanhibit.c">
      <Filter>Source Files</Filter>
    </ClCompile>
    <ClCompile Include="reg-io\png\readpng.cpp">
      <Filter>Source Files</Filter>
    </ClCompile>
    <ClCompile Include="reg-io\png\reg_png.cpp">
      <Filter>Source Files</Filter>
    </ClCompile>
    <ClCompile Include="reg-io\png\lpng1510\png.c">
      <Filter>Source Files</Filter>
    </ClCompile>
    <ClCompile Include="reg-io\png\lpng1510\pngerror.c">
      <Filter>Source Files</Filter>
    </ClCompile>
    <ClCompile Include="reg-io\png\lpng1510\pngget.c">
      <Filter>Source Files</Filter>
    </ClCompile>
    <ClCompile Include="reg-io\png\lpng1510\pngmem.c">
      <Filter>Source Files</Filter>
    </ClCompile>
    <ClCompile Include="reg-io\png\lpng1510\pngpread.c">
      <Filter>Source Files</Filter>
    </ClCompile>
    <ClCompile Include="reg-io\png\lpng1510\pngread.c">
      <Filter>Source Files</Filter>
    </ClCompile>
    <ClCompile Include="reg-io\png\lpng1510\pngrio.c">
      <Filter>Source Files</Filter>
    </ClCompile>
    <ClCompile Include="reg-io\png\lpng1510\pngrtran.c">
      <Filter>Source Files</Filter>
    </ClCompile>
    <ClCompile Include="reg-io\png\lpng1510\pngrutil.c">
      <Filter>Source Files</Filter>
    </ClCompile>
    <ClCompile Include="reg-io\png\lpng1510\pngset.c">
      <Filter>Source Files</Filter>
    </ClCompile>
    <ClCompile Include="reg-io\png\lpng1510\pngtest.c">
      <Filter>Source Files</Filter>
    </ClCompile>
    <ClCompile Include="reg-io\png\lpng1510\pngtrans.c">
      <Filter>Source Files</Filter>
    </ClCompile>
    <ClCompile Include="reg-io\png\lpng1510\pngwio.c">
      <Filter>Source Files</Filter>
    </ClCompile>
    <ClCompile Include="reg-io\png\lpng1510\pngwrite.c">
      <Filter>Source Files</Filter>
    </ClCompile>
    <ClCompile Include="reg-io\png\lpng1510\pngwtran.c">
      <Filter>Source Files</Filter>
    </ClCompile>
    <ClCompile Include="reg-io\png\lpng1510\pngwutil.c">
      <Filter>Source Files</Filter>
    </ClCompile>
    <ClCompile Include="reg-io\zlib\adler32.c">
      <Filter>Source Files</Filter>
    </ClCompile>
    <ClCompile Include="reg-io\zlib\compress.c">
      <Filter>Source Files</Filter>
    </ClCompile>
    <ClCompile Include="reg-io\zlib\crc32.c">
      <Filter>Source Files</Filter>
    </ClCompile>
    <ClCompile Include="reg-io\zlib\deflate.c">
      <Filter>Source Files</Filter>
    </ClCompile>
    <ClCompile Include="reg-io\zlib\gzio.c">
      <Filter>Source Files</Filter>
    </ClCompile>
    <ClCompile Include="reg-io\zlib\infback.c">
      <Filter>Source Files</Filter>
    </ClCompile>
    <ClCompile Include="reg-io\zlib\inffast.c">
      <Filter>Source Files</Filter>
    </ClCompile>
    <ClCompile Include="reg-io\zlib\inflate.c">
      <Filter>Source Files</Filter>
    </ClCompile>
    <ClCompile Include="reg-io\zlib\inftrees.c">
      <Filter>Source Files</Filter>
    </ClCompile>
    <ClCompile Include="reg-io\zlib\minigzip.c">
      <Filter>Source Files</Filter>
    </ClCompile>
    <ClCompile Include="reg-io\zlib\trees.c">
      <Filter>Source Files</Filter>
    </ClCompile>
    <ClCompile Include="reg-io\zlib\uncompr.c">
      <Filter>Source Files</Filter>
    </ClCompile>
    <ClCompile Include="reg-io\zlib\zutil.c">
      <Filter>Source Files</Filter>
    </ClCompile>
    <ClCompile Include="reg-lib\_reg_aladin.cpp">
      <Filter>Source Files</Filter>
    </ClCompile>
    <ClCompile Include="reg-lib\_reg_aladin_sym.cpp">
      <Filter>Source Files</Filter>
    </ClCompile>
    <ClCompile Include="reg-lib\_reg_base.cpp">
      <Filter>Source Files</Filter>
    </ClCompile>
    <ClCompile Include="reg-lib\_reg_blockMatching.cpp">
      <Filter>Source Files</Filter>
    </ClCompile>
    <ClCompile Include="reg-lib\_reg_dti.cpp">
      <Filter>Source Files</Filter>
    </ClCompile>
    <ClCompile Include="reg-lib\_reg_f3d.cpp">
      <Filter>Source Files</Filter>
    </ClCompile>
    <ClCompile Include="reg-lib\_reg_f3d2.cpp">
      <Filter>Source Files</Filter>
    </ClCompile>
    <ClCompile Include="reg-lib\_reg_f3d_gpu.cpp">
      <Filter>Source Files</Filter>
    </ClCompile>
    <ClCompile Include="reg-lib\_reg_f3d_sym.cpp">
      <Filter>Source Files</Filter>
    </ClCompile>
    <ClCompile Include="reg-lib\_reg_femTransformation.cpp">
      <Filter>Source Files</Filter>
    </ClCompile>
    <ClCompile Include="reg-lib\_reg_globalTransformation.cpp">
      <Filter>Source Files</Filter>
    </ClCompile>
    <ClCompile Include="reg-lib\_reg_KLdivergence.cpp">
      <Filter>Source Files</Filter>
    </ClCompile>
    <ClCompile Include="reg-lib\_reg_lncc.cpp">
      <Filter>Source Files</Filter>
    </ClCompile>
    <ClCompile Include="reg-lib\_reg_localTransformation.cpp">
      <Filter>Source Files</Filter>
    </ClCompile>
    <ClCompile Include="reg-lib\_reg_localTransformation_be.cpp">
      <Filter>Source Files</Filter>
    </ClCompile>
    <ClCompile Include="reg-lib\_reg_localTransformation_jac.cpp">
      <Filter>Source Files</Filter>
    </ClCompile>
    <ClCompile Include="reg-lib\_reg_maths.cpp">
      <Filter>Source Files</Filter>
    </ClCompile>
    <ClCompile Include="reg-lib\_reg_nmi.cpp">
      <Filter>Source Files</Filter>
    </ClCompile>
    <ClCompile Include="reg-lib\_reg_optimiser.cpp">
      <Filter>Source Files</Filter>
    </ClCompile>
    <ClCompile Include="reg-lib\_reg_polyAffine.cpp">
      <Filter>Source Files</Filter>
    </ClCompile>
    <ClCompile Include="reg-lib\_reg_resampling.cpp">
      <Filter>Source Files</Filter>
    </ClCompile>
    <ClCompile Include="reg-lib\_reg_ssd.cpp">
      <Filter>Source Files</Filter>
    </ClCompile>
    <ClCompile Include="reg-lib\_reg_thinPlateSpline.cpp">
      <Filter>Source Files</Filter>
    </ClCompile>
    <ClCompile Include="reg-lib\_reg_tools.cpp">
      <Filter>Source Files</Filter>
    </ClCompile>
    <ClCompile Include="reg-test\reg_test_convolution.cpp">
      <Filter>Source Files</Filter>
    </ClCompile>
    <ClCompile Include="reg-test\reg_test_convolution_gpu.cpp">
      <Filter>Source Files</Filter>
    </ClCompile>
    <ClCompile Include="reg-test\reg_test_def_gpu.cpp">
      <Filter>Source Files</Filter>
    </ClCompile>
    <ClCompile Include="reg-test\reg_test_dti.cpp">
      <Filter>Source Files</Filter>
    </ClCompile>
    <ClCompile Include="reg-test\reg_test_fullReg.cpp">
      <Filter>Source Files</Filter>
    </ClCompile>
    <ClCompile Include="reg-test\reg_test_interp.cpp">
      <Filter>Source Files</Filter>
    </ClCompile>
    <ClCompile Include="reg-test\reg_test_mat44_operations.cpp">
      <Filter>Source Files</Filter>
    </ClCompile>
    <ClCompile Include="reg-test\reg_test_measure_gpu.cpp">
      <Filter>Source Files</Filter>
    </ClCompile>
    <ClCompile Include="reg-test\reg_test_optimiser_gpu.cpp">
      <Filter>Source Files</Filter>
    </ClCompile>
  </ItemGroup>
  <ItemGroup>
    <ClInclude Include="reg-apps\reg_aladin.h">
      <Filter>Header Files</Filter>
    </ClInclude>
    <ClInclude Include="reg-apps\reg_average.h">
      <Filter>Header Files</Filter>
    </ClInclude>
    <ClInclude Include="reg-apps\reg_f3d.h">
      <Filter>Header Files</Filter>
    </ClInclude>
    <ClInclude Include="reg-apps\reg_jacobian.h">
      <Filter>Header Files</Filter>
    </ClInclude>
    <ClInclude Include="reg-apps\reg_resample.h">
      <Filter>Header Files</Filter>
    </ClInclude>
    <ClInclude Include="reg-apps\reg_tools.h">
      <Filter>Header Files</Filter>
    </ClInclude>
    <ClInclude Include="reg-apps\reg_transform.h">
      <Filter>Header Files</Filter>
    </ClInclude>
    <ClInclude Include="reg-io\_reg_ReadWriteImage.h">
      <Filter>Header Files</Filter>
    </ClInclude>
    <ClInclude Include="reg-io\nifti\nifti1.h">
      <Filter>Header Files</Filter>
    </ClInclude>
    <ClInclude Include="reg-io\nifti\nifti1_io.h">
      <Filter>Header Files</Filter>
    </ClInclude>
    <ClInclude Include="reg-io\nifti\znzlib.h">
      <Filter>Header Files</Filter>
    </ClInclude>
    <ClInclude Include="reg-io\nrrd\reg_nrrd.h">
      <Filter>Header Files</Filter>
    </ClInclude>
    <ClInclude Include="reg-io\nrrd\nrrdio\biff.h">
      <Filter>Header Files</Filter>
    </ClInclude>
    <ClInclude Include="reg-io\nrrd\nrrdio\NrrdIO.h">
      <Filter>Header Files</Filter>
    </ClInclude>
    <ClInclude Include="reg-io\nrrd\nrrdio\privateAir.h">
      <Filter>Header Files</Filter>
    </ClInclude>
    <ClInclude Include="reg-io\nrrd\nrrdio\privateNrrd.h">
      <Filter>Header Files</Filter>
    </ClInclude>
    <ClInclude Include="reg-io\nrrd\nrrdio\teem32bit.h">
      <Filter>Header Files</Filter>
    </ClInclude>
    <ClInclude Include="reg-io\nrrd\nrrdio\teemDio.h">
      <Filter>Header Files</Filter>
    </ClInclude>
    <ClInclude Include="reg-io\nrrd\nrrdio\teemEndian.h">
      <Filter>Header Files</Filter>
    </ClInclude>
    <ClInclude Include="reg-io\nrrd\nrrdio\teemPng.h">
      <Filter>Header Files</Filter>
    </ClInclude>
    <ClInclude Include="reg-io\nrrd\nrrdio\teemQnanhibit.h">
      <Filter>Header Files</Filter>
    </ClInclude>
    <ClInclude Include="reg-io\png\readpng.h">
      <Filter>Header Files</Filter>
    </ClInclude>
    <ClInclude Include="reg-io\png\reg_png.h">
      <Filter>Header Files</Filter>
    </ClInclude>
    <ClInclude Include="reg-io\png\lpng1510\png.h">
      <Filter>Header Files</Filter>
    </ClInclude>
    <ClInclude Include="reg-io\png\lpng1510\pngconf.h">
      <Filter>Header Files</Filter>
    </ClInclude>
    <ClInclude Include="reg-io\png\lpng1510\pngdebug.h">
      <Filter>Header Files</Filter>
    </ClInclude>
    <ClInclude Include="reg-io\png\lpng1510\pnginfo.h">
      <Filter>Header Files</Filter>
    </ClInclude>
    <ClInclude Include="reg-io\png\lpng1510\pngpriv.h">
      <Filter>Header Files</Filter>
    </ClInclude>
    <ClInclude Include="reg-io\png\lpng1510\pngstruct.h">
      <Filter>Header Files</Filter>
    </ClInclude>
    <ClInclude Include="reg-io\zlib\crc32.h">
      <Filter>Header Files</Filter>
    </ClInclude>
    <ClInclude Include="reg-io\zlib\deflate.h">
      <Filter>Header Files</Filter>
    </ClInclude>
    <ClInclude Include="reg-io\zlib\inffast.h">
      <Filter>Header Files</Filter>
    </ClInclude>
    <ClInclude Include="reg-io\zlib\inffixed.h">
      <Filter>Header Files</Filter>
    </ClInclude>
    <ClInclude Include="reg-io\zlib\inflate.h">
      <Filter>Header Files</Filter>
    </ClInclude>
    <ClInclude Include="reg-io\zlib\inftrees.h">
      <Filter>Header Files</Filter>
    </ClInclude>
    <ClInclude Include="reg-io\zlib\trees.h">
      <Filter>Header Files</Filter>
    </ClInclude>
    <ClInclude Include="reg-io\zlib\zconf.h">
      <Filter>Header Files</Filter>
    </ClInclude>
    <ClInclude Include="reg-io\zlib\zlib.h">
      <Filter>Header Files</Filter>
    </ClInclude>
    <ClInclude Include="reg-io\zlib\zutil.h">
      <Filter>Header Files</Filter>
    </ClInclude>
    <ClInclude Include="reg-lib\_reg_aladin.h">
      <Filter>Header Files</Filter>
    </ClInclude>
    <ClInclude Include="reg-lib\_reg_aladin_sym.h">
      <Filter>Header Files</Filter>
    </ClInclude>
    <ClInclude Include="reg-lib\_reg_base.h">
      <Filter>Header Files</Filter>
    </ClInclude>
    <ClInclude Include="reg-lib\_reg_blockMatching.h">
      <Filter>Header Files</Filter>
    </ClInclude>
    <ClInclude Include="reg-lib\_reg_blockMatching_gpu.h">
      <Filter>Header Files</Filter>
    </ClInclude>
    <ClInclude Include="reg-lib\_reg_blocksize_gpu.h">
      <Filter>Header Files</Filter>
    </ClInclude>
    <ClInclude Include="reg-lib\_reg_common_gpu.h">
      <Filter>Header Files</Filter>
    </ClInclude>
    <ClInclude Include="reg-lib\_reg_dti.h">
      <Filter>Header Files</Filter>
    </ClInclude>
    <ClInclude Include="reg-lib\_reg_f3d.h">
      <Filter>Header Files</Filter>
    </ClInclude>
    <ClInclude Include="reg-lib\_reg_f3d2.h">
      <Filter>Header Files</Filter>
    </ClInclude>
    <ClInclude Include="reg-lib\_reg_f3d_gpu.h">
      <Filter>Header Files</Filter>
    </ClInclude>
    <ClInclude Include="reg-lib\_reg_f3d_sym.h">
      <Filter>Header Files</Filter>
    </ClInclude>
    <ClInclude Include="reg-lib\_reg_femTransformation.h">
      <Filter>Header Files</Filter>
    </ClInclude>
    <ClInclude Include="reg-lib\_reg_globalTransformation.h">
      <Filter>Header Files</Filter>
    </ClInclude>
    <ClInclude Include="reg-lib\_reg_globalTransformation_gpu.h">
      <Filter>Header Files</Filter>
    </ClInclude>
    <ClInclude Include="reg-lib\_reg_KLdivergence.h">
      <Filter>Header Files</Filter>
    </ClInclude>
    <ClInclude Include="reg-lib\_reg_lncc.h">
      <Filter>Header Files</Filter>
    </ClInclude>
    <ClInclude Include="reg-lib\_reg_localTransformation.h">
      <Filter>Header Files</Filter>
    </ClInclude>
    <ClInclude Include="reg-lib\_reg_localTransformation_gpu.h">
      <Filter>Header Files</Filter>
    </ClInclude>
    <ClInclude Include="reg-lib\_reg_macros.h">
      <Filter>Header Files</Filter>
    </ClInclude>
    <ClInclude Include="reg-lib\_reg_maths.h">
      <Filter>Header Files</Filter>
    </ClInclude>
    <ClInclude Include="reg-lib\_reg_measure.h">
      <Filter>Header Files</Filter>
    </ClInclude>
    <ClInclude Include="reg-lib\_reg_measure_gpu.h">
      <Filter>Header Files</Filter>
    </ClInclude>
    <ClInclude Include="reg-lib\_reg_nmi.h">
      <Filter>Header Files</Filter>
    </ClInclude>
    <ClInclude Include="reg-lib\_reg_nmi_gpu.h">
      <Filter>Header Files</Filter>
    </ClInclude>
    <ClInclude Include="reg-lib\_reg_optimiser.h">
      <Filter>Header Files</Filter>
    </ClInclude>
    <ClInclude Include="reg-lib\_reg_optimiser_gpu.h">
      <Filter>Header Files</Filter>
    </ClInclude>
    <ClInclude Include="reg-lib\_reg_polyAffine.h">
      <Filter>Header Files</Filter>
    </ClInclude>
    <ClInclude Include="reg-lib\_reg_resampling.h">
      <Filter>Header Files</Filter>
    </ClInclude>
    <ClInclude Include="reg-lib\_reg_resampling_gpu.h">
      <Filter>Header Files</Filter>
    </ClInclude>
    <ClInclude Include="reg-lib\_reg_ssd.h">
      <Filter>Header Files</Filter>
    </ClInclude>
    <ClInclude Include="reg-lib\_reg_ssd_gpu.h">
      <Filter>Header Files</Filter>
    </ClInclude>
    <ClInclude Include="reg-lib\_reg_thinPlateSpline.h">
      <Filter>Header Files</Filter>
    </ClInclude>
    <ClInclude Include="reg-lib\_reg_tools.h">
      <Filter>Header Files</Filter>
    </ClInclude>
    <ClInclude Include="reg-lib\_reg_tools_gpu.h">
      <Filter>Header Files</Filter>
    </ClInclude>
    <ClInclude Include="third-party\eigen\src\cholesky\LDLT.h">
      <Filter>Header Files</Filter>
    </ClInclude>
    <ClInclude Include="third-party\eigen\src\cholesky\LLT.h">
      <Filter>Header Files</Filter>
    </ClInclude>
    <ClInclude Include="third-party\eigen\src\cholesky\LLT_MKL.h">
      <Filter>Header Files</Filter>
    </ClInclude>
    <ClInclude Include="third-party\eigen\src\cholmodsupport\CholmodSupport.h">
      <Filter>Header Files</Filter>
    </ClInclude>
    <ClInclude Include="third-party\eigen\src\core\Array.h">
      <Filter>Header Files</Filter>
    </ClInclude>
    <ClInclude Include="third-party\eigen\src\core\ArrayBase.h">
      <Filter>Header Files</Filter>
    </ClInclude>
    <ClInclude Include="third-party\eigen\src\core\ArrayWrapper.h">
      <Filter>Header Files</Filter>
    </ClInclude>
    <ClInclude Include="third-party\eigen\src\core\Assign.h">
      <Filter>Header Files</Filter>
    </ClInclude>
    <ClInclude Include="third-party\eigen\src\core\Assign_MKL.h">
      <Filter>Header Files</Filter>
    </ClInclude>
    <ClInclude Include="third-party\eigen\src\core\BandMatrix.h">
      <Filter>Header Files</Filter>
    </ClInclude>
    <ClInclude Include="third-party\eigen\src\core\Block.h">
      <Filter>Header Files</Filter>
    </ClInclude>
    <ClInclude Include="third-party\eigen\src\core\BooleanRedux.h">
      <Filter>Header Files</Filter>
    </ClInclude>
    <ClInclude Include="third-party\eigen\src\core\CommaInitializer.h">
      <Filter>Header Files</Filter>
    </ClInclude>
    <ClInclude Include="third-party\eigen\src\core\CoreIterators.h">
      <Filter>Header Files</Filter>
    </ClInclude>
    <ClInclude Include="third-party\eigen\src\core\CwiseBinaryOp.h">
      <Filter>Header Files</Filter>
    </ClInclude>
    <ClInclude Include="third-party\eigen\src\core\CwiseNullaryOp.h">
      <Filter>Header Files</Filter>
    </ClInclude>
    <ClInclude Include="third-party\eigen\src\core\CwiseUnaryOp.h">
      <Filter>Header Files</Filter>
    </ClInclude>
    <ClInclude Include="third-party\eigen\src\core\CwiseUnaryView.h">
      <Filter>Header Files</Filter>
    </ClInclude>
    <ClInclude Include="third-party\eigen\src\core\DenseBase.h">
      <Filter>Header Files</Filter>
    </ClInclude>
    <ClInclude Include="third-party\eigen\src\core\DenseCoeffsBase.h">
      <Filter>Header Files</Filter>
    </ClInclude>
    <ClInclude Include="third-party\eigen\src\core\DenseStorage.h">
      <Filter>Header Files</Filter>
    </ClInclude>
    <ClInclude Include="third-party\eigen\src\core\Diagonal.h">
      <Filter>Header Files</Filter>
    </ClInclude>
    <ClInclude Include="third-party\eigen\src\core\DiagonalMatrix.h">
      <Filter>Header Files</Filter>
    </ClInclude>
    <ClInclude Include="third-party\eigen\src\core\DiagonalProduct.h">
      <Filter>Header Files</Filter>
    </ClInclude>
    <ClInclude Include="third-party\eigen\src\core\Dot.h">
      <Filter>Header Files</Filter>
    </ClInclude>
    <ClInclude Include="third-party\eigen\src\core\EigenBase.h">
      <Filter>Header Files</Filter>
    </ClInclude>
    <ClInclude Include="third-party\eigen\src\core\Flagged.h">
      <Filter>Header Files</Filter>
    </ClInclude>
    <ClInclude Include="third-party\eigen\src\core\ForceAlignedAccess.h">
      <Filter>Header Files</Filter>
    </ClInclude>
    <ClInclude Include="third-party\eigen\src\core\Functors.h">
      <Filter>Header Files</Filter>
    </ClInclude>
    <ClInclude Include="third-party\eigen\src\core\Fuzzy.h">
      <Filter>Header Files</Filter>
    </ClInclude>
    <ClInclude Include="third-party\eigen\src\core\GeneralProduct.h">
      <Filter>Header Files</Filter>
    </ClInclude>
    <ClInclude Include="third-party\eigen\src\core\GenericPacketMath.h">
      <Filter>Header Files</Filter>
    </ClInclude>
    <ClInclude Include="third-party\eigen\src\core\GlobalFunctions.h">
      <Filter>Header Files</Filter>
    </ClInclude>
    <ClInclude Include="third-party\eigen\src\core\IO.h">
      <Filter>Header Files</Filter>
    </ClInclude>
    <ClInclude Include="third-party\eigen\src\core\Map.h">
      <Filter>Header Files</Filter>
    </ClInclude>
    <ClInclude Include="third-party\eigen\src\core\MapBase.h">
      <Filter>Header Files</Filter>
    </ClInclude>
    <ClInclude Include="third-party\eigen\src\core\MathFunctions.h">
      <Filter>Header Files</Filter>
    </ClInclude>
    <ClInclude Include="third-party\eigen\src\core\Matrix.h">
      <Filter>Header Files</Filter>
    </ClInclude>
    <ClInclude Include="third-party\eigen\src\core\MatrixBase.h">
      <Filter>Header Files</Filter>
    </ClInclude>
    <ClInclude Include="third-party\eigen\src\core\NestByValue.h">
      <Filter>Header Files</Filter>
    </ClInclude>
    <ClInclude Include="third-party\eigen\src\core\NoAlias.h">
      <Filter>Header Files</Filter>
    </ClInclude>
    <ClInclude Include="third-party\eigen\src\core\NumTraits.h">
      <Filter>Header Files</Filter>
    </ClInclude>
    <ClInclude Include="third-party\eigen\src\core\PermutationMatrix.h">
      <Filter>Header Files</Filter>
    </ClInclude>
    <ClInclude Include="third-party\eigen\src\core\PlainObjectBase.h">
      <Filter>Header Files</Filter>
    </ClInclude>
    <ClInclude Include="third-party\eigen\src\core\ProductBase.h">
      <Filter>Header Files</Filter>
    </ClInclude>
    <ClInclude Include="third-party\eigen\src\core\Random.h">
      <Filter>Header Files</Filter>
    </ClInclude>
    <ClInclude Include="third-party\eigen\src\core\Redux.h">
      <Filter>Header Files</Filter>
    </ClInclude>
    <ClInclude Include="third-party\eigen\src\core\Ref.h">
      <Filter>Header Files</Filter>
    </ClInclude>
    <ClInclude Include="third-party\eigen\src\core\Replicate.h">
      <Filter>Header Files</Filter>
    </ClInclude>
    <ClInclude Include="third-party\eigen\src\core\ReturnByValue.h">
      <Filter>Header Files</Filter>
    </ClInclude>
    <ClInclude Include="third-party\eigen\src\core\Reverse.h">
      <Filter>Header Files</Filter>
    </ClInclude>
    <ClInclude Include="third-party\eigen\src\core\Select.h">
      <Filter>Header Files</Filter>
    </ClInclude>
    <ClInclude Include="third-party\eigen\src\core\SelfAdjointView.h">
      <Filter>Header Files</Filter>
    </ClInclude>
    <ClInclude Include="third-party\eigen\src\core\SelfCwiseBinaryOp.h">
      <Filter>Header Files</Filter>
    </ClInclude>
    <ClInclude Include="third-party\eigen\src\core\SolveTriangular.h">
      <Filter>Header Files</Filter>
    </ClInclude>
    <ClInclude Include="third-party\eigen\src\core\StableNorm.h">
      <Filter>Header Files</Filter>
    </ClInclude>
    <ClInclude Include="third-party\eigen\src\core\Stride.h">
      <Filter>Header Files</Filter>
    </ClInclude>
    <ClInclude Include="third-party\eigen\src\core\Swap.h">
      <Filter>Header Files</Filter>
    </ClInclude>
    <ClInclude Include="third-party\eigen\src\core\Transpose.h">
      <Filter>Header Files</Filter>
    </ClInclude>
    <ClInclude Include="third-party\eigen\src\core\Transpositions.h">
      <Filter>Header Files</Filter>
    </ClInclude>
    <ClInclude Include="third-party\eigen\src\core\TriangularMatrix.h">
      <Filter>Header Files</Filter>
    </ClInclude>
    <ClInclude Include="third-party\eigen\src\core\VectorBlock.h">
      <Filter>Header Files</Filter>
    </ClInclude>
    <ClInclude Include="third-party\eigen\src\core\VectorwiseOp.h">
      <Filter>Header Files</Filter>
    </ClInclude>
    <ClInclude Include="third-party\eigen\src\core\Visitor.h">
      <Filter>Header Files</Filter>
    </ClInclude>
    <ClInclude Include="third-party\eigen\src\core\arch\altivec\Complex.h">
      <Filter>Header Files</Filter>
    </ClInclude>
    <ClInclude Include="third-party\eigen\src\core\arch\altivec\PacketMath.h">
      <Filter>Header Files</Filter>
    </ClInclude>
    <ClInclude Include="third-party\eigen\src\core\arch\default\Settings.h">
      <Filter>Header Files</Filter>
    </ClInclude>
    <ClInclude Include="third-party\eigen\src\core\arch\neon\Complex.h">
      <Filter>Header Files</Filter>
    </ClInclude>
    <ClInclude Include="third-party\eigen\src\core\arch\neon\PacketMath.h">
      <Filter>Header Files</Filter>
    </ClInclude>
    <ClInclude Include="third-party\eigen\src\core\arch\sse\Complex.h">
      <Filter>Header Files</Filter>
    </ClInclude>
    <ClInclude Include="third-party\eigen\src\core\arch\sse\MathFunctions.h">
      <Filter>Header Files</Filter>
    </ClInclude>
    <ClInclude Include="third-party\eigen\src\core\arch\sse\PacketMath.h">
      <Filter>Header Files</Filter>
    </ClInclude>
    <ClInclude Include="third-party\eigen\src\core\products\CoeffBasedProduct.h">
      <Filter>Header Files</Filter>
    </ClInclude>
    <ClInclude Include="third-party\eigen\src\core\products\GeneralBlockPanelKernel.h">
      <Filter>Header Files</Filter>
    </ClInclude>
    <ClInclude Include="third-party\eigen\src\core\products\GeneralMatrixMatrix.h">
      <Filter>Header Files</Filter>
    </ClInclude>
    <ClInclude Include="third-party\eigen\src\core\products\GeneralMatrixMatrixTriangular.h">
      <Filter>Header Files</Filter>
    </ClInclude>
    <ClInclude Include="third-party\eigen\src\core\products\GeneralMatrixMatrixTriangular_MKL.h">
      <Filter>Header Files</Filter>
    </ClInclude>
    <ClInclude Include="third-party\eigen\src\core\products\GeneralMatrixMatrix_MKL.h">
      <Filter>Header Files</Filter>
    </ClInclude>
    <ClInclude Include="third-party\eigen\src\core\products\GeneralMatrixVector.h">
      <Filter>Header Files</Filter>
    </ClInclude>
    <ClInclude Include="third-party\eigen\src\core\products\GeneralMatrixVector_MKL.h">
      <Filter>Header Files</Filter>
    </ClInclude>
    <ClInclude Include="third-party\eigen\src\core\products\Parallelizer.h">
      <Filter>Header Files</Filter>
    </ClInclude>
    <ClInclude Include="third-party\eigen\src\core\products\SelfadjointMatrixMatrix.h">
      <Filter>Header Files</Filter>
    </ClInclude>
    <ClInclude Include="third-party\eigen\src\core\products\SelfadjointMatrixMatrix_MKL.h">
      <Filter>Header Files</Filter>
    </ClInclude>
    <ClInclude Include="third-party\eigen\src\core\products\SelfadjointMatrixVector.h">
      <Filter>Header Files</Filter>
    </ClInclude>
    <ClInclude Include="third-party\eigen\src\core\products\SelfadjointMatrixVector_MKL.h">
      <Filter>Header Files</Filter>
    </ClInclude>
    <ClInclude Include="third-party\eigen\src\core\products\SelfadjointProduct.h">
      <Filter>Header Files</Filter>
    </ClInclude>
    <ClInclude Include="third-party\eigen\src\core\products\SelfadjointRank2Update.h">
      <Filter>Header Files</Filter>
    </ClInclude>
    <ClInclude Include="third-party\eigen\src\core\products\TriangularMatrixMatrix.h">
      <Filter>Header Files</Filter>
    </ClInclude>
    <ClInclude Include="third-party\eigen\src\core\products\TriangularMatrixMatrix_MKL.h">
      <Filter>Header Files</Filter>
    </ClInclude>
    <ClInclude Include="third-party\eigen\src\core\products\TriangularMatrixVector.h">
      <Filter>Header Files</Filter>
    </ClInclude>
    <ClInclude Include="third-party\eigen\src\core\products\TriangularMatrixVector_MKL.h">
      <Filter>Header Files</Filter>
    </ClInclude>
    <ClInclude Include="third-party\eigen\src\core\products\TriangularSolverMatrix.h">
      <Filter>Header Files</Filter>
    </ClInclude>
    <ClInclude Include="third-party\eigen\src\core\products\TriangularSolverMatrix_MKL.h">
      <Filter>Header Files</Filter>
    </ClInclude>
    <ClInclude Include="third-party\eigen\src\core\products\TriangularSolverVector.h">
      <Filter>Header Files</Filter>
    </ClInclude>
    <ClInclude Include="third-party\eigen\src\core\util\BlasUtil.h">
      <Filter>Header Files</Filter>
    </ClInclude>
    <ClInclude Include="third-party\eigen\src\core\util\Constants.h">
      <Filter>Header Files</Filter>
    </ClInclude>
    <ClInclude Include="third-party\eigen\src\core\util\DisableStupidWarnings.h">
      <Filter>Header Files</Filter>
    </ClInclude>
    <ClInclude Include="third-party\eigen\src\core\util\ForwardDeclarations.h">
      <Filter>Header Files</Filter>
    </ClInclude>
    <ClInclude Include="third-party\eigen\src\core\util\Macros.h">
      <Filter>Header Files</Filter>
    </ClInclude>
    <ClInclude Include="third-party\eigen\src\core\util\Memory.h">
      <Filter>Header Files</Filter>
    </ClInclude>
    <ClInclude Include="third-party\eigen\src\core\util\Meta.h">
      <Filter>Header Files</Filter>
    </ClInclude>
    <ClInclude Include="third-party\eigen\src\core\util\MKL_support.h">
      <Filter>Header Files</Filter>
    </ClInclude>
    <ClInclude Include="third-party\eigen\src\core\util\NonMPL2.h">
      <Filter>Header Files</Filter>
    </ClInclude>
    <ClInclude Include="third-party\eigen\src\core\util\ReenableStupidWarnings.h">
      <Filter>Header Files</Filter>
    </ClInclude>
    <ClInclude Include="third-party\eigen\src\core\util\StaticAssert.h">
      <Filter>Header Files</Filter>
    </ClInclude>
    <ClInclude Include="third-party\eigen\src\core\util\XprHelper.h">
      <Filter>Header Files</Filter>
    </ClInclude>
    <ClInclude Include="third-party\eigen\src\eigen2support\Block.h">
      <Filter>Header Files</Filter>
    </ClInclude>
    <ClInclude Include="third-party\eigen\src\eigen2support\Cwise.h">
      <Filter>Header Files</Filter>
    </ClInclude>
    <ClInclude Include="third-party\eigen\src\eigen2support\CwiseOperators.h">
      <Filter>Header Files</Filter>
    </ClInclude>
    <ClInclude Include="third-party\eigen\src\eigen2support\Lazy.h">
      <Filter>Header Files</Filter>
    </ClInclude>
    <ClInclude Include="third-party\eigen\src\eigen2support\LeastSquares.h">
      <Filter>Header Files</Filter>
    </ClInclude>
    <ClInclude Include="third-party\eigen\src\eigen2support\LU.h">
      <Filter>Header Files</Filter>
    </ClInclude>
    <ClInclude Include="third-party\eigen\src\eigen2support\Macros.h">
      <Filter>Header Files</Filter>
    </ClInclude>
    <ClInclude Include="third-party\eigen\src\eigen2support\MathFunctions.h">
      <Filter>Header Files</Filter>
    </ClInclude>
    <ClInclude Include="third-party\eigen\src\eigen2support\Memory.h">
      <Filter>Header Files</Filter>
    </ClInclude>
    <ClInclude Include="third-party\eigen\src\eigen2support\Meta.h">
      <Filter>Header Files</Filter>
    </ClInclude>
    <ClInclude Include="third-party\eigen\src\eigen2support\Minor.h">
      <Filter>Header Files</Filter>
    </ClInclude>
    <ClInclude Include="third-party\eigen\src\eigen2support\QR.h">
      <Filter>Header Files</Filter>
    </ClInclude>
    <ClInclude Include="third-party\eigen\src\eigen2support\SVD.h">
      <Filter>Header Files</Filter>
    </ClInclude>
    <ClInclude Include="third-party\eigen\src\eigen2support\TriangularSolver.h">
      <Filter>Header Files</Filter>
    </ClInclude>
    <ClInclude Include="third-party\eigen\src\eigen2support\VectorBlock.h">
      <Filter>Header Files</Filter>
    </ClInclude>
    <ClInclude Include="third-party\eigen\src\eigen2support\geometry\AlignedBox.h">
      <Filter>Header Files</Filter>
    </ClInclude>
    <ClInclude Include="third-party\eigen\src\eigen2support\geometry\All.h">
      <Filter>Header Files</Filter>
    </ClInclude>
    <ClInclude Include="third-party\eigen\src\eigen2support\geometry\AngleAxis.h">
      <Filter>Header Files</Filter>
    </ClInclude>
    <ClInclude Include="third-party\eigen\src\eigen2support\geometry\Hyperplane.h">
      <Filter>Header Files</Filter>
    </ClInclude>
    <ClInclude Include="third-party\eigen\src\eigen2support\geometry\ParametrizedLine.h">
      <Filter>Header Files</Filter>
    </ClInclude>
    <ClInclude Include="third-party\eigen\src\eigen2support\geometry\Quaternion.h">
      <Filter>Header Files</Filter>
    </ClInclude>
    <ClInclude Include="third-party\eigen\src\eigen2support\geometry\Rotation2D.h">
      <Filter>Header Files</Filter>
    </ClInclude>
    <ClInclude Include="third-party\eigen\src\eigen2support\geometry\RotationBase.h">
      <Filter>Header Files</Filter>
    </ClInclude>
    <ClInclude Include="third-party\eigen\src\eigen2support\geometry\Scaling.h">
      <Filter>Header Files</Filter>
    </ClInclude>
    <ClInclude Include="third-party\eigen\src\eigen2support\geometry\Transform.h">
      <Filter>Header Files</Filter>
    </ClInclude>
    <ClInclude Include="third-party\eigen\src\eigen2support\geometry\Translation.h">
      <Filter>Header Files</Filter>
    </ClInclude>
    <ClInclude Include="third-party\eigen\src\eigenvalues\ComplexEigenSolver.h">
      <Filter>Header Files</Filter>
    </ClInclude>
    <ClInclude Include="third-party\eigen\src\eigenvalues\ComplexSchur.h">
      <Filter>Header Files</Filter>
    </ClInclude>
    <ClInclude Include="third-party\eigen\src\eigenvalues\ComplexSchur_MKL.h">
      <Filter>Header Files</Filter>
    </ClInclude>
    <ClInclude Include="third-party\eigen\src\eigenvalues\EigenSolver.h">
      <Filter>Header Files</Filter>
    </ClInclude>
    <ClInclude Include="third-party\eigen\src\eigenvalues\GeneralizedEigenSolver.h">
      <Filter>Header Files</Filter>
    </ClInclude>
    <ClInclude Include="third-party\eigen\src\eigenvalues\GeneralizedSelfAdjointEigenSolver.h">
      <Filter>Header Files</Filter>
    </ClInclude>
    <ClInclude Include="third-party\eigen\src\eigenvalues\HessenbergDecomposition.h">
      <Filter>Header Files</Filter>
    </ClInclude>
    <ClInclude Include="third-party\eigen\src\eigenvalues\MatrixBaseEigenvalues.h">
      <Filter>Header Files</Filter>
    </ClInclude>
    <ClInclude Include="third-party\eigen\src\eigenvalues\RealQZ.h">
      <Filter>Header Files</Filter>
    </ClInclude>
    <ClInclude Include="third-party\eigen\src\eigenvalues\RealSchur.h">
      <Filter>Header Files</Filter>
    </ClInclude>
    <ClInclude Include="third-party\eigen\src\eigenvalues\RealSchur_MKL.h">
      <Filter>Header Files</Filter>
    </ClInclude>
    <ClInclude Include="third-party\eigen\src\eigenvalues\SelfAdjointEigenSolver.h">
      <Filter>Header Files</Filter>
    </ClInclude>
    <ClInclude Include="third-party\eigen\src\eigenvalues\SelfAdjointEigenSolver_MKL.h">
      <Filter>Header Files</Filter>
    </ClInclude>
    <ClInclude Include="third-party\eigen\src\eigenvalues\Tridiagonalization.h">
      <Filter>Header Files</Filter>
    </ClInclude>
    <ClInclude Include="third-party\eigen\src\geometry\AlignedBox.h">
      <Filter>Header Files</Filter>
    </ClInclude>
    <ClInclude Include="third-party\eigen\src\geometry\AngleAxis.h">
      <Filter>Header Files</Filter>
    </ClInclude>
    <ClInclude Include="third-party\eigen\src\geometry\EulerAngles.h">
      <Filter>Header Files</Filter>
    </ClInclude>
    <ClInclude Include="third-party\eigen\src\geometry\Homogeneous.h">
      <Filter>Header Files</Filter>
    </ClInclude>
    <ClInclude Include="third-party\eigen\src\geometry\Hyperplane.h">
      <Filter>Header Files</Filter>
    </ClInclude>
    <ClInclude Include="third-party\eigen\src\geometry\OrthoMethods.h">
      <Filter>Header Files</Filter>
    </ClInclude>
    <ClInclude Include="third-party\eigen\src\geometry\ParametrizedLine.h">
      <Filter>Header Files</Filter>
    </ClInclude>
    <ClInclude Include="third-party\eigen\src\geometry\Quaternion.h">
      <Filter>Header Files</Filter>
    </ClInclude>
    <ClInclude Include="third-party\eigen\src\geometry\Rotation2D.h">
      <Filter>Header Files</Filter>
    </ClInclude>
    <ClInclude Include="third-party\eigen\src\geometry\RotationBase.h">
      <Filter>Header Files</Filter>
    </ClInclude>
    <ClInclude Include="third-party\eigen\src\geometry\Scaling.h">
      <Filter>Header Files</Filter>
    </ClInclude>
    <ClInclude Include="third-party\eigen\src\geometry\Transform.h">
      <Filter>Header Files</Filter>
    </ClInclude>
    <ClInclude Include="third-party\eigen\src\geometry\Translation.h">
      <Filter>Header Files</Filter>
    </ClInclude>
    <ClInclude Include="third-party\eigen\src\geometry\Umeyama.h">
      <Filter>Header Files</Filter>
    </ClInclude>
    <ClInclude Include="third-party\eigen\src\geometry\arch\Geometry_SSE.h">
      <Filter>Header Files</Filter>
    </ClInclude>
    <ClInclude Include="third-party\eigen\src\householder\BlockHouseholder.h">
      <Filter>Header Files</Filter>
    </ClInclude>
    <ClInclude Include="third-party\eigen\src\householder\Householder.h">
      <Filter>Header Files</Filter>
    </ClInclude>
    <ClInclude Include="third-party\eigen\src\householder\HouseholderSequence.h">
      <Filter>Header Files</Filter>
    </ClInclude>
    <ClInclude Include="third-party\eigen\src\iterativelinearsolvers\BasicPreconditioners.h">
      <Filter>Header Files</Filter>
    </ClInclude>
    <ClInclude Include="third-party\eigen\src\iterativelinearsolvers\BiCGSTAB.h">
      <Filter>Header Files</Filter>
    </ClInclude>
    <ClInclude Include="third-party\eigen\src\iterativelinearsolvers\ConjugateGradient.h">
      <Filter>Header Files</Filter>
    </ClInclude>
    <ClInclude Include="third-party\eigen\src\iterativelinearsolvers\IncompleteLUT.h">
      <Filter>Header Files</Filter>
    </ClInclude>
    <ClInclude Include="third-party\eigen\src\iterativelinearsolvers\IterativeSolverBase.h">
      <Filter>Header Files</Filter>
    </ClInclude>
    <ClInclude Include="third-party\eigen\src\jacobi\Jacobi.h">
      <Filter>Header Files</Filter>
    </ClInclude>
    <ClInclude Include="third-party\eigen\src\lu\Determinant.h">
      <Filter>Header Files</Filter>
    </ClInclude>
    <ClInclude Include="third-party\eigen\src\lu\FullPivLU.h">
      <Filter>Header Files</Filter>
    </ClInclude>
    <ClInclude Include="third-party\eigen\src\lu\Inverse.h">
      <Filter>Header Files</Filter>
    </ClInclude>
    <ClInclude Include="third-party\eigen\src\lu\PartialPivLU.h">
      <Filter>Header Files</Filter>
    </ClInclude>
    <ClInclude Include="third-party\eigen\src\lu\PartialPivLU_MKL.h">
      <Filter>Header Files</Filter>
    </ClInclude>
    <ClInclude Include="third-party\eigen\src\lu\arch\Inverse_SSE.h">
      <Filter>Header Files</Filter>
    </ClInclude>
    <ClInclude Include="third-party\eigen\src\metissupport\MetisSupport.h">
      <Filter>Header Files</Filter>
    </ClInclude>
    <ClInclude Include="third-party\eigen\src\misc\blas.h">
      <Filter>Header Files</Filter>
    </ClInclude>
    <ClInclude Include="third-party\eigen\src\misc\Image.h">
      <Filter>Header Files</Filter>
    </ClInclude>
    <ClInclude Include="third-party\eigen\src\misc\Kernel.h">
      <Filter>Header Files</Filter>
    </ClInclude>
    <ClInclude Include="third-party\eigen\src\misc\Solve.h">
      <Filter>Header Files</Filter>
    </ClInclude>
    <ClInclude Include="third-party\eigen\src\misc\SparseSolve.h">
      <Filter>Header Files</Filter>
    </ClInclude>
    <ClInclude Include="third-party\eigen\src\orderingmethods\Amd.h">
      <Filter>Header Files</Filter>
    </ClInclude>
    <ClInclude Include="third-party\eigen\src\orderingmethods\Eigen_Colamd.h">
      <Filter>Header Files</Filter>
    </ClInclude>
    <ClInclude Include="third-party\eigen\src\orderingmethods\Ordering.h">
      <Filter>Header Files</Filter>
    </ClInclude>
    <ClInclude Include="third-party\eigen\src\pardisosupport\PardisoSupport.h">
      <Filter>Header Files</Filter>
    </ClInclude>
    <ClInclude Include="third-party\eigen\src\pastixsupport\PaStiXSupport.h">
      <Filter>Header Files</Filter>
    </ClInclude>
    <ClInclude Include="third-party\eigen\src\plugins\ArrayCwiseBinaryOps.h">
      <Filter>Header Files</Filter>
    </ClInclude>
    <ClInclude Include="third-party\eigen\src\plugins\ArrayCwiseUnaryOps.h">
      <Filter>Header Files</Filter>
    </ClInclude>
    <ClInclude Include="third-party\eigen\src\plugins\BlockMethods.h">
      <Filter>Header Files</Filter>
    </ClInclude>
    <ClInclude Include="third-party\eigen\src\plugins\CommonCwiseBinaryOps.h">
      <Filter>Header Files</Filter>
    </ClInclude>
    <ClInclude Include="third-party\eigen\src\plugins\CommonCwiseUnaryOps.h">
      <Filter>Header Files</Filter>
    </ClInclude>
    <ClInclude Include="third-party\eigen\src\plugins\MatrixCwiseBinaryOps.h">
      <Filter>Header Files</Filter>
    </ClInclude>
    <ClInclude Include="third-party\eigen\src\plugins\MatrixCwiseUnaryOps.h">
      <Filter>Header Files</Filter>
    </ClInclude>
    <ClInclude Include="third-party\eigen\src\qr\ColPivHouseholderQR.h">
      <Filter>Header Files</Filter>
    </ClInclude>
    <ClInclude Include="third-party\eigen\src\qr\ColPivHouseholderQR_MKL.h">
      <Filter>Header Files</Filter>
    </ClInclude>
    <ClInclude Include="third-party\eigen\src\qr\FullPivHouseholderQR.h">
      <Filter>Header Files</Filter>
    </ClInclude>
    <ClInclude Include="third-party\eigen\src\qr\HouseholderQR.h">
      <Filter>Header Files</Filter>
    </ClInclude>
    <ClInclude Include="third-party\eigen\src\qr\HouseholderQR_MKL.h">
      <Filter>Header Files</Filter>
    </ClInclude>
    <ClInclude Include="third-party\eigen\src\sparsecholesky\SimplicialCholesky.h">
      <Filter>Header Files</Filter>
    </ClInclude>
    <ClInclude Include="third-party\eigen\src\sparsecholesky\SimplicialCholesky_impl.h">
      <Filter>Header Files</Filter>
    </ClInclude>
    <ClInclude Include="third-party\eigen\src\sparsecore\AmbiVector.h">
      <Filter>Header Files</Filter>
    </ClInclude>
    <ClInclude Include="third-party\eigen\src\sparsecore\CompressedStorage.h">
      <Filter>Header Files</Filter>
    </ClInclude>
    <ClInclude Include="third-party\eigen\src\sparsecore\ConservativeSparseSparseProduct.h">
      <Filter>Header Files</Filter>
    </ClInclude>
    <ClInclude Include="third-party\eigen\src\sparsecore\MappedSparseMatrix.h">
      <Filter>Header Files</Filter>
    </ClInclude>
    <ClInclude Include="third-party\eigen\src\sparsecore\SparseBlock.h">
      <Filter>Header Files</Filter>
    </ClInclude>
    <ClInclude Include="third-party\eigen\src\sparsecore\SparseColEtree.h">
      <Filter>Header Files</Filter>
    </ClInclude>
    <ClInclude Include="third-party\eigen\src\sparsecore\SparseCwiseBinaryOp.h">
      <Filter>Header Files</Filter>
    </ClInclude>
    <ClInclude Include="third-party\eigen\src\sparsecore\SparseCwiseUnaryOp.h">
      <Filter>Header Files</Filter>
    </ClInclude>
    <ClInclude Include="third-party\eigen\src\sparsecore\SparseDenseProduct.h">
      <Filter>Header Files</Filter>
    </ClInclude>
    <ClInclude Include="third-party\eigen\src\sparsecore\SparseDiagonalProduct.h">
      <Filter>Header Files</Filter>
    </ClInclude>
    <ClInclude Include="third-party\eigen\src\sparsecore\SparseDot.h">
      <Filter>Header Files</Filter>
    </ClInclude>
    <ClInclude Include="third-party\eigen\src\sparsecore\SparseFuzzy.h">
      <Filter>Header Files</Filter>
    </ClInclude>
    <ClInclude Include="third-party\eigen\src\sparsecore\SparseMatrix.h">
      <Filter>Header Files</Filter>
    </ClInclude>
    <ClInclude Include="third-party\eigen\src\sparsecore\SparseMatrixBase.h">
      <Filter>Header Files</Filter>
    </ClInclude>
    <ClInclude Include="third-party\eigen\src\sparsecore\SparsePermutation.h">
      <Filter>Header Files</Filter>
    </ClInclude>
    <ClInclude Include="third-party\eigen\src\sparsecore\SparseProduct.h">
      <Filter>Header Files</Filter>
    </ClInclude>
    <ClInclude Include="third-party\eigen\src\sparsecore\SparseRedux.h">
      <Filter>Header Files</Filter>
    </ClInclude>
    <ClInclude Include="third-party\eigen\src\sparsecore\SparseSelfAdjointView.h">
      <Filter>Header Files</Filter>
    </ClInclude>
    <ClInclude Include="third-party\eigen\src\sparsecore\SparseSparseProductWithPruning.h">
      <Filter>Header Files</Filter>
    </ClInclude>
    <ClInclude Include="third-party\eigen\src\sparsecore\SparseTranspose.h">
      <Filter>Header Files</Filter>
    </ClInclude>
    <ClInclude Include="third-party\eigen\src\sparsecore\SparseTriangularView.h">
      <Filter>Header Files</Filter>
    </ClInclude>
    <ClInclude Include="third-party\eigen\src\sparsecore\SparseUtil.h">
      <Filter>Header Files</Filter>
    </ClInclude>
    <ClInclude Include="third-party\eigen\src\sparsecore\SparseVector.h">
      <Filter>Header Files</Filter>
    </ClInclude>
    <ClInclude Include="third-party\eigen\src\sparsecore\SparseView.h">
      <Filter>Header Files</Filter>
    </ClInclude>
    <ClInclude Include="third-party\eigen\src\sparsecore\TriangularSolver.h">
      <Filter>Header Files</Filter>
    </ClInclude>
    <ClInclude Include="third-party\eigen\src\sparselu\SparseLU.h">
      <Filter>Header Files</Filter>
    </ClInclude>
    <ClInclude Include="third-party\eigen\src\sparselu\SparseLUImpl.h">
      <Filter>Header Files</Filter>
    </ClInclude>
    <ClInclude Include="third-party\eigen\src\sparselu\SparseLU_column_bmod.h">
      <Filter>Header Files</Filter>
    </ClInclude>
    <ClInclude Include="third-party\eigen\src\sparselu\SparseLU_column_dfs.h">
      <Filter>Header Files</Filter>
    </ClInclude>
    <ClInclude Include="third-party\eigen\src\sparselu\SparseLU_copy_to_ucol.h">
      <Filter>Header Files</Filter>
    </ClInclude>
    <ClInclude Include="third-party\eigen\src\sparselu\SparseLU_gemm_kernel.h">
      <Filter>Header Files</Filter>
    </ClInclude>
    <ClInclude Include="third-party\eigen\src\sparselu\SparseLU_heap_relax_snode.h">
      <Filter>Header Files</Filter>
    </ClInclude>
    <ClInclude Include="third-party\eigen\src\sparselu\SparseLU_kernel_bmod.h">
      <Filter>Header Files</Filter>
    </ClInclude>
    <ClInclude Include="third-party\eigen\src\sparselu\SparseLU_Memory.h">
      <Filter>Header Files</Filter>
    </ClInclude>
    <ClInclude Include="third-party\eigen\src\sparselu\SparseLU_panel_bmod.h">
      <Filter>Header Files</Filter>
    </ClInclude>
    <ClInclude Include="third-party\eigen\src\sparselu\SparseLU_panel_dfs.h">
      <Filter>Header Files</Filter>
    </ClInclude>
    <ClInclude Include="third-party\eigen\src\sparselu\SparseLU_pivotL.h">
      <Filter>Header Files</Filter>
    </ClInclude>
    <ClInclude Include="third-party\eigen\src\sparselu\SparseLU_pruneL.h">
      <Filter>Header Files</Filter>
    </ClInclude>
    <ClInclude Include="third-party\eigen\src\sparselu\SparseLU_relax_snode.h">
      <Filter>Header Files</Filter>
    </ClInclude>
    <ClInclude Include="third-party\eigen\src\sparselu\SparseLU_Structs.h">
      <Filter>Header Files</Filter>
    </ClInclude>
    <ClInclude Include="third-party\eigen\src\sparselu\SparseLU_SupernodalMatrix.h">
      <Filter>Header Files</Filter>
    </ClInclude>
    <ClInclude Include="third-party\eigen\src\sparselu\SparseLU_Utils.h">
      <Filter>Header Files</Filter>
    </ClInclude>
    <ClInclude Include="third-party\eigen\src\sparseqr\SparseQR.h">
      <Filter>Header Files</Filter>
    </ClInclude>
    <ClInclude Include="third-party\eigen\src\spqrsupport\SuiteSparseQRSupport.h">
      <Filter>Header Files</Filter>
    </ClInclude>
    <ClInclude Include="third-party\eigen\src\stlsupport\details.h">
      <Filter>Header Files</Filter>
    </ClInclude>
    <ClInclude Include="third-party\eigen\src\stlsupport\StdDeque.h">
      <Filter>Header Files</Filter>
    </ClInclude>
    <ClInclude Include="third-party\eigen\src\stlsupport\StdList.h">
      <Filter>Header Files</Filter>
    </ClInclude>
    <ClInclude Include="third-party\eigen\src\stlsupport\StdVector.h">
      <Filter>Header Files</Filter>
    </ClInclude>
    <ClInclude Include="third-party\eigen\src\superlusupport\SuperLUSupport.h">
      <Filter>Header Files</Filter>
    </ClInclude>
    <ClInclude Include="third-party\eigen\src\svd\JacobiSVD.h">
      <Filter>Header Files</Filter>
    </ClInclude>
    <ClInclude Include="third-party\eigen\src\svd\JacobiSVD_MKL.h">
      <Filter>Header Files</Filter>
    </ClInclude>
    <ClInclude Include="third-party\eigen\src\svd\UpperBidiagonalization.h">
      <Filter>Header Files</Filter>
    </ClInclude>
    <ClInclude Include="third-party\eigen\src\umfpacksupport\UmfPackSupport.h">
      <Filter>Header Files</Filter>
    </ClInclude>
    <ClInclude Include="third-party\eigen\unsupported\src\fft\ei_fftw_impl.h">
      <Filter>Header Files</Filter>
    </ClInclude>
    <ClInclude Include="third-party\eigen\unsupported\src\fft\ei_kissfft_impl.h">
      <Filter>Header Files</Filter>
    </ClInclude>
    <ClInclude Include="third-party\eigen\unsupported\src\matrixfunctions\MatrixExponential.h">
      <Filter>Header Files</Filter>
    </ClInclude>
    <ClInclude Include="third-party\eigen\unsupported\src\matrixfunctions\MatrixFunction.h">
      <Filter>Header Files</Filter>
    </ClInclude>
    <ClInclude Include="third-party\eigen\unsupported\src\matrixfunctions\MatrixFunctionAtomic.h">
      <Filter>Header Files</Filter>
    </ClInclude>
    <ClInclude Include="third-party\eigen\unsupported\src\matrixfunctions\MatrixLogarithm.h">
      <Filter>Header Files</Filter>
    </ClInclude>
    <ClInclude Include="third-party\eigen\unsupported\src\matrixfunctions\MatrixPower.h">
      <Filter>Header Files</Filter>
    </ClInclude>
    <ClInclude Include="third-party\eigen\unsupported\src\matrixfunctions\MatrixSquareRoot.h">
      <Filter>Header Files</Filter>
    </ClInclude>
    <ClInclude Include="third-party\eigen\unsupported\src\matrixfunctions\StemFunction.h">
      <Filter>Header Files</Filter>
    </ClInclude>
  </ItemGroup>
</Project>